// !$*UTF8*$!
{
	archiveVersion = 1;
	classes = {
	};
	objectVersion = 50;
	objects = {

/* Begin PBXBuildFile section */
		08EDE3674BEE8FD540C20362 /* Pods_ExtremeCoupon.framework in Frameworks */ = {isa = PBXBuildFile; fileRef = 5E93FB7D8F86C02FA301A628 /* Pods_ExtremeCoupon.framework */; };
		3C057CBD22857EB000ADD413 /* Coupon.swift in Sources */ = {isa = PBXBuildFile; fileRef = 3C057CBC22857EB000ADD413 /* Coupon.swift */; };
		3C057CBF22857EE900ADD413 /* Rating.swift in Sources */ = {isa = PBXBuildFile; fileRef = 3C057CBE22857EE900ADD413 /* Rating.swift */; };
		3C057CC22285976D00ADD413 /* Utility.swift in Sources */ = {isa = PBXBuildFile; fileRef = 3C057CC12285976D00ADD413 /* Utility.swift */; };
		3C745AE3229C041D005029C3 /* RotatedLabel.swift in Sources */ = {isa = PBXBuildFile; fileRef = 3C745AE2229C041D005029C3 /* RotatedLabel.swift */; };
		3CB1A36522856BF200620E0D /* ShadowView.swift in Sources */ = {isa = PBXBuildFile; fileRef = 3CB1A36422856BF200620E0D /* ShadowView.swift */; };
		3CB1B81F228579EA00634902 /* CouponTableViewCell.swift in Sources */ = {isa = PBXBuildFile; fileRef = 3CB1B81E228579EA00634902 /* CouponTableViewCell.swift */; };
		80061D00228759BE00BAEC6A /* GoogleService-Info.plist in Resources */ = {isa = PBXBuildFile; fileRef = 80061CFF228759BE00BAEC6A /* GoogleService-Info.plist */; };
		80061D0222875AC100BAEC6A /* FirebaseHelper.swift in Sources */ = {isa = PBXBuildFile; fileRef = 80061D0122875AC100BAEC6A /* FirebaseHelper.swift */; };
		800633EB22887094005B8216 /* FilterViewController.swift in Sources */ = {isa = PBXBuildFile; fileRef = 800633EA22887094005B8216 /* FilterViewController.swift */; };
		800633ED2288717A005B8216 /* Market.swift in Sources */ = {isa = PBXBuildFile; fileRef = 800633EC2288717A005B8216 /* Market.swift */; };
		8032FA282297E49400B136CE /* TabViewController.swift in Sources */ = {isa = PBXBuildFile; fileRef = 8032FA272297E49400B136CE /* TabViewController.swift */; };
		8032FA2A2298170D00B136CE /* CouponIdentifier.swift in Sources */ = {isa = PBXBuildFile; fileRef = 8032FA292298170D00B136CE /* CouponIdentifier.swift */; };
		805DF88F229321BD00075D23 /* EmailVerificationViewController.swift in Sources */ = {isa = PBXBuildFile; fileRef = 805DF88D229321BD00075D23 /* EmailVerificationViewController.swift */; };
		805DF890229321BD00075D23 /* EmailVerificationViewController.xib in Resources */ = {isa = PBXBuildFile; fileRef = 805DF88E229321BD00075D23 /* EmailVerificationViewController.xib */; };
		807750912290AFEF00878AF2 /* LoginRegisterViewController.swift in Sources */ = {isa = PBXBuildFile; fileRef = 807750902290AFEF00878AF2 /* LoginRegisterViewController.swift */; };
		80862BFF2287558E001EC9AE /* AddNewMarketViewController.swift in Sources */ = {isa = PBXBuildFile; fileRef = 80862BFD2287558E001EC9AE /* AddNewMarketViewController.swift */; };
		80862C002287558E001EC9AE /* AddNewMarketViewController.xib in Resources */ = {isa = PBXBuildFile; fileRef = 80862BFE2287558E001EC9AE /* AddNewMarketViewController.xib */; };
		809648F52286DC350062E2AD /* Barcode.swift in Sources */ = {isa = PBXBuildFile; fileRef = 809648F42286DC350062E2AD /* Barcode.swift */; };
		809648F72286DF080062E2AD /* CouponDetailViewController.swift in Sources */ = {isa = PBXBuildFile; fileRef = 809648F62286DF080062E2AD /* CouponDetailViewController.swift */; };
		809CE0E62285FD0900E7A765 /* BarcodeViewController.swift in Sources */ = {isa = PBXBuildFile; fileRef = 809CE0E52285FD0900E7A765 /* BarcodeViewController.swift */; };
		80A524D72295A07600206B46 /* OnboardingView.swift in Sources */ = {isa = PBXBuildFile; fileRef = 80A524D62295A07600206B46 /* OnboardingView.swift */; };
		80A524D92295A12500206B46 /* OnboardingViewController.swift in Sources */ = {isa = PBXBuildFile; fileRef = 80A524D82295A12500206B46 /* OnboardingViewController.swift */; };
		80C0D5422291896F007F181E /* Assets.xcassets in Resources */ = {isa = PBXBuildFile; fileRef = 80C0D5412291896F007F181E /* Assets.xcassets */; };
		80C0D5442291903C007F181E /* ProfileViewController.swift in Sources */ = {isa = PBXBuildFile; fileRef = 80C0D5432291903C007F181E /* ProfileViewController.swift */; };
		80FADB5C2284B49800E45CB8 /* AppDelegate.swift in Sources */ = {isa = PBXBuildFile; fileRef = 80FADB5B2284B49800E45CB8 /* AppDelegate.swift */; };
		80FADB5E2284B49800E45CB8 /* HomeViewController.swift in Sources */ = {isa = PBXBuildFile; fileRef = 80FADB5D2284B49800E45CB8 /* HomeViewController.swift */; };
		80FADB612284B49800E45CB8 /* Main.storyboard in Resources */ = {isa = PBXBuildFile; fileRef = 80FADB5F2284B49800E45CB8 /* Main.storyboard */; };
		80FADB662284B49900E45CB8 /* LaunchScreen.storyboard in Resources */ = {isa = PBXBuildFile; fileRef = 80FADB642284B49900E45CB8 /* LaunchScreen.storyboard */; };
		80FADB702284B80500E45CB8 /* CalcDiscountViewController.swift in Sources */ = {isa = PBXBuildFile; fileRef = 80FADB6F2284B80500E45CB8 /* CalcDiscountViewController.swift */; };
		80FADB722284B82000E45CB8 /* AddNewCouponViewController.swift in Sources */ = {isa = PBXBuildFile; fileRef = 80FADB712284B82000E45CB8 /* AddNewCouponViewController.swift */; };
		80FADB752284B8A600E45CB8 /* RoundedTextField.swift in Sources */ = {isa = PBXBuildFile; fileRef = 80FADB742284B8A600E45CB8 /* RoundedTextField.swift */; };
		80FADB772284BC3700E45CB8 /* RoundedButton.swift in Sources */ = {isa = PBXBuildFile; fileRef = 80FADB762284BC3700E45CB8 /* RoundedButton.swift */; };
/* End PBXBuildFile section */

/* Begin PBXFileReference section */
		3C057CBC22857EB000ADD413 /* Coupon.swift */ = {isa = PBXFileReference; lastKnownFileType = sourcecode.swift; path = Coupon.swift; sourceTree = "<group>"; };
		3C057CBE22857EE900ADD413 /* Rating.swift */ = {isa = PBXFileReference; lastKnownFileType = sourcecode.swift; path = Rating.swift; sourceTree = "<group>"; };
		3C057CC12285976D00ADD413 /* Utility.swift */ = {isa = PBXFileReference; lastKnownFileType = sourcecode.swift; path = Utility.swift; sourceTree = "<group>"; };
		3C745AE2229C041D005029C3 /* RotatedLabel.swift */ = {isa = PBXFileReference; lastKnownFileType = sourcecode.swift; path = RotatedLabel.swift; sourceTree = "<group>"; };
		3CB1A36422856BF200620E0D /* ShadowView.swift */ = {isa = PBXFileReference; lastKnownFileType = sourcecode.swift; path = ShadowView.swift; sourceTree = "<group>"; };
		3CB1B81E228579EA00634902 /* CouponTableViewCell.swift */ = {isa = PBXFileReference; lastKnownFileType = sourcecode.swift; path = CouponTableViewCell.swift; sourceTree = "<group>"; };
		5E93FB7D8F86C02FA301A628 /* Pods_ExtremeCoupon.framework */ = {isa = PBXFileReference; explicitFileType = wrapper.framework; includeInIndex = 0; path = Pods_ExtremeCoupon.framework; sourceTree = BUILT_PRODUCTS_DIR; };
		80061CFF228759BE00BAEC6A /* GoogleService-Info.plist */ = {isa = PBXFileReference; fileEncoding = 4; lastKnownFileType = text.plist.xml; path = "GoogleService-Info.plist"; sourceTree = "<group>"; };
		80061D0122875AC100BAEC6A /* FirebaseHelper.swift */ = {isa = PBXFileReference; lastKnownFileType = sourcecode.swift; path = FirebaseHelper.swift; sourceTree = "<group>"; };
		800633EA22887094005B8216 /* FilterViewController.swift */ = {isa = PBXFileReference; lastKnownFileType = sourcecode.swift; path = FilterViewController.swift; sourceTree = "<group>"; };
		800633EC2288717A005B8216 /* Market.swift */ = {isa = PBXFileReference; lastKnownFileType = sourcecode.swift; path = Market.swift; sourceTree = "<group>"; };
		8032FA272297E49400B136CE /* TabViewController.swift */ = {isa = PBXFileReference; lastKnownFileType = sourcecode.swift; path = TabViewController.swift; sourceTree = "<group>"; };
		8032FA292298170D00B136CE /* CouponIdentifier.swift */ = {isa = PBXFileReference; lastKnownFileType = sourcecode.swift; path = CouponIdentifier.swift; sourceTree = "<group>"; };
		805DF88D229321BD00075D23 /* EmailVerificationViewController.swift */ = {isa = PBXFileReference; lastKnownFileType = sourcecode.swift; path = EmailVerificationViewController.swift; sourceTree = "<group>"; };
		805DF88E229321BD00075D23 /* EmailVerificationViewController.xib */ = {isa = PBXFileReference; lastKnownFileType = file.xib; path = EmailVerificationViewController.xib; sourceTree = "<group>"; };
		807750902290AFEF00878AF2 /* LoginRegisterViewController.swift */ = {isa = PBXFileReference; lastKnownFileType = sourcecode.swift; path = LoginRegisterViewController.swift; sourceTree = "<group>"; };
		80862BFD2287558E001EC9AE /* AddNewMarketViewController.swift */ = {isa = PBXFileReference; lastKnownFileType = sourcecode.swift; path = AddNewMarketViewController.swift; sourceTree = "<group>"; };
		80862BFE2287558E001EC9AE /* AddNewMarketViewController.xib */ = {isa = PBXFileReference; lastKnownFileType = file.xib; path = AddNewMarketViewController.xib; sourceTree = "<group>"; };
		809648F42286DC350062E2AD /* Barcode.swift */ = {isa = PBXFileReference; lastKnownFileType = sourcecode.swift; path = Barcode.swift; sourceTree = "<group>"; };
		809648F62286DF080062E2AD /* CouponDetailViewController.swift */ = {isa = PBXFileReference; lastKnownFileType = sourcecode.swift; path = CouponDetailViewController.swift; sourceTree = "<group>"; };
		809CE0E52285FD0900E7A765 /* BarcodeViewController.swift */ = {isa = PBXFileReference; lastKnownFileType = sourcecode.swift; path = BarcodeViewController.swift; sourceTree = "<group>"; };
		80A524D62295A07600206B46 /* OnboardingView.swift */ = {isa = PBXFileReference; lastKnownFileType = sourcecode.swift; path = OnboardingView.swift; sourceTree = "<group>"; };
		80A524D82295A12500206B46 /* OnboardingViewController.swift */ = {isa = PBXFileReference; lastKnownFileType = sourcecode.swift; path = OnboardingViewController.swift; sourceTree = "<group>"; };
		80B64F62036E9AE1A5279E6A /* Pods-ExtremeCoupon.release.xcconfig */ = {isa = PBXFileReference; includeInIndex = 1; lastKnownFileType = text.xcconfig; name = "Pods-ExtremeCoupon.release.xcconfig"; path = "Pods/Target Support Files/Pods-ExtremeCoupon/Pods-ExtremeCoupon.release.xcconfig"; sourceTree = "<group>"; };
		80C0D5412291896F007F181E /* Assets.xcassets */ = {isa = PBXFileReference; lastKnownFileType = folder.assetcatalog; path = Assets.xcassets; sourceTree = "<group>"; };
		80C0D5432291903C007F181E /* ProfileViewController.swift */ = {isa = PBXFileReference; lastKnownFileType = sourcecode.swift; path = ProfileViewController.swift; sourceTree = "<group>"; };
		80FADB582284B49800E45CB8 /* ExtremeCoupon.app */ = {isa = PBXFileReference; explicitFileType = wrapper.application; includeInIndex = 0; path = ExtremeCoupon.app; sourceTree = BUILT_PRODUCTS_DIR; };
		80FADB5B2284B49800E45CB8 /* AppDelegate.swift */ = {isa = PBXFileReference; lastKnownFileType = sourcecode.swift; path = AppDelegate.swift; sourceTree = "<group>"; };
		80FADB5D2284B49800E45CB8 /* HomeViewController.swift */ = {isa = PBXFileReference; lastKnownFileType = sourcecode.swift; path = HomeViewController.swift; sourceTree = "<group>"; };
		80FADB602284B49800E45CB8 /* Base */ = {isa = PBXFileReference; lastKnownFileType = file.storyboard; name = Base; path = Base.lproj/Main.storyboard; sourceTree = "<group>"; };
		80FADB652284B49900E45CB8 /* Base */ = {isa = PBXFileReference; lastKnownFileType = file.storyboard; name = Base; path = Base.lproj/LaunchScreen.storyboard; sourceTree = "<group>"; };
		80FADB672284B49900E45CB8 /* Info.plist */ = {isa = PBXFileReference; lastKnownFileType = text.plist.xml; path = Info.plist; sourceTree = "<group>"; };
		80FADB6F2284B80500E45CB8 /* CalcDiscountViewController.swift */ = {isa = PBXFileReference; lastKnownFileType = sourcecode.swift; path = CalcDiscountViewController.swift; sourceTree = "<group>"; };
		80FADB712284B82000E45CB8 /* AddNewCouponViewController.swift */ = {isa = PBXFileReference; lastKnownFileType = sourcecode.swift; path = AddNewCouponViewController.swift; sourceTree = "<group>"; };
		80FADB742284B8A600E45CB8 /* RoundedTextField.swift */ = {isa = PBXFileReference; lastKnownFileType = sourcecode.swift; path = RoundedTextField.swift; sourceTree = "<group>"; };
		80FADB762284BC3700E45CB8 /* RoundedButton.swift */ = {isa = PBXFileReference; lastKnownFileType = sourcecode.swift; path = RoundedButton.swift; sourceTree = "<group>"; };
		ABDD15BA794F6100832B4D90 /* Pods-ExtremeCoupon.debug.xcconfig */ = {isa = PBXFileReference; includeInIndex = 1; lastKnownFileType = text.xcconfig; name = "Pods-ExtremeCoupon.debug.xcconfig"; path = "Pods/Target Support Files/Pods-ExtremeCoupon/Pods-ExtremeCoupon.debug.xcconfig"; sourceTree = "<group>"; };
/* End PBXFileReference section */

/* Begin PBXFrameworksBuildPhase section */
		80FADB552284B49800E45CB8 /* Frameworks */ = {
			isa = PBXFrameworksBuildPhase;
			buildActionMask = 2147483647;
			files = (
				08EDE3674BEE8FD540C20362 /* Pods_ExtremeCoupon.framework in Frameworks */,
			);
			runOnlyForDeploymentPostprocessing = 0;
		};
/* End PBXFrameworksBuildPhase section */

/* Begin PBXGroup section */
		3C057CBB22857EA200ADD413 /* Model */ = {
			isa = PBXGroup;
			children = (
				3C057CBC22857EB000ADD413 /* Coupon.swift */,
				3C057CBE22857EE900ADD413 /* Rating.swift */,
				809648F42286DC350062E2AD /* Barcode.swift */,
				800633EC2288717A005B8216 /* Market.swift */,
			);
			path = Model;
			sourceTree = "<group>";
		};
		3C057CC02285975F00ADD413 /* Utils */ = {
			isa = PBXGroup;
			children = (
				3C057CC12285976D00ADD413 /* Utility.swift */,
				8032FA292298170D00B136CE /* CouponIdentifier.swift */,
			);
			path = Utils;
			sourceTree = "<group>";
		};
		3CB1B81D228579C800634902 /* Custom Cell */ = {
			isa = PBXGroup;
			children = (
				3CB1B81E228579EA00634902 /* CouponTableViewCell.swift */,
			);
			path = "Custom Cell";
			sourceTree = "<group>";
		};
		80061CFE228759B400BAEC6A /* Firebase */ = {
			isa = PBXGroup;
			children = (
				80061CFF228759BE00BAEC6A /* GoogleService-Info.plist */,
				80061D0122875AC100BAEC6A /* FirebaseHelper.swift */,
			);
			path = Firebase;
			sourceTree = "<group>";
		};
		80FADB4F2284B49800E45CB8 = {
			isa = PBXGroup;
			children = (
				80C0D5412291896F007F181E /* Assets.xcassets */,
				80FADB5A2284B49800E45CB8 /* ExtremeCoupon */,
				80FADB592284B49800E45CB8 /* Products */,
				F6784C91F0D6D8D01652D977 /* Pods */,
				EC2774C0F37F3B674C8FD3D5 /* Frameworks */,
			);
			sourceTree = "<group>";
		};
		80FADB592284B49800E45CB8 /* Products */ = {
			isa = PBXGroup;
			children = (
				80FADB582284B49800E45CB8 /* ExtremeCoupon.app */,
			);
			name = Products;
			sourceTree = "<group>";
		};
		80FADB5A2284B49800E45CB8 /* ExtremeCoupon */ = {
			isa = PBXGroup;
			children = (
				80061CFE228759B400BAEC6A /* Firebase */,
				3C057CC02285975F00ADD413 /* Utils */,
				3C057CBB22857EA200ADD413 /* Model */,
				3CB1B81D228579C800634902 /* Custom Cell */,
				80FADB732284B88D00E45CB8 /* Custom View */,
				80FADB6D2284B4EF00E45CB8 /* Controller */,
				80FADB6E2284B4F900E45CB8 /* View */,
				80FADB5B2284B49800E45CB8 /* AppDelegate.swift */,
				80FADB672284B49900E45CB8 /* Info.plist */,
			);
			path = ExtremeCoupon;
			sourceTree = "<group>";
		};
		80FADB6D2284B4EF00E45CB8 /* Controller */ = {
			isa = PBXGroup;
			children = (
				80FADB5D2284B49800E45CB8 /* HomeViewController.swift */,
				80FADB6F2284B80500E45CB8 /* CalcDiscountViewController.swift */,
				80FADB712284B82000E45CB8 /* AddNewCouponViewController.swift */,
				809CE0E52285FD0900E7A765 /* BarcodeViewController.swift */,
				809648F62286DF080062E2AD /* CouponDetailViewController.swift */,
				80862BFD2287558E001EC9AE /* AddNewMarketViewController.swift */,
				800633EA22887094005B8216 /* FilterViewController.swift */,
				807750902290AFEF00878AF2 /* LoginRegisterViewController.swift */,
				80C0D5432291903C007F181E /* ProfileViewController.swift */,
				805DF88D229321BD00075D23 /* EmailVerificationViewController.swift */,
				80A524D62295A07600206B46 /* OnboardingView.swift */,
				80A524D82295A12500206B46 /* OnboardingViewController.swift */,
				8032FA272297E49400B136CE /* TabViewController.swift */,
			);
			path = Controller;
			sourceTree = "<group>";
		};
		80FADB6E2284B4F900E45CB8 /* View */ = {
			isa = PBXGroup;
			children = (
				80FADB5F2284B49800E45CB8 /* Main.storyboard */,
				80862BFE2287558E001EC9AE /* AddNewMarketViewController.xib */,
				805DF88E229321BD00075D23 /* EmailVerificationViewController.xib */,
				80FADB642284B49900E45CB8 /* LaunchScreen.storyboard */,
			);
			path = View;
			sourceTree = "<group>";
		};
		80FADB732284B88D00E45CB8 /* Custom View */ = {
			isa = PBXGroup;
			children = (
				80FADB742284B8A600E45CB8 /* RoundedTextField.swift */,
				80FADB762284BC3700E45CB8 /* RoundedButton.swift */,
				3CB1A36422856BF200620E0D /* ShadowView.swift */,
				3C745AE2229C041D005029C3 /* RotatedLabel.swift */,
			);
			path = "Custom View";
			sourceTree = "<group>";
		};
		EC2774C0F37F3B674C8FD3D5 /* Frameworks */ = {
			isa = PBXGroup;
			children = (
				5E93FB7D8F86C02FA301A628 /* Pods_ExtremeCoupon.framework */,
			);
			name = Frameworks;
			sourceTree = "<group>";
		};
		F6784C91F0D6D8D01652D977 /* Pods */ = {
			isa = PBXGroup;
			children = (
				ABDD15BA794F6100832B4D90 /* Pods-ExtremeCoupon.debug.xcconfig */,
				80B64F62036E9AE1A5279E6A /* Pods-ExtremeCoupon.release.xcconfig */,
			);
			name = Pods;
			sourceTree = "<group>";
		};
/* End PBXGroup section */

/* Begin PBXNativeTarget section */
		80FADB572284B49800E45CB8 /* ExtremeCoupon */ = {
			isa = PBXNativeTarget;
			buildConfigurationList = 80FADB6A2284B49900E45CB8 /* Build configuration list for PBXNativeTarget "ExtremeCoupon" */;
			buildPhases = (
				43BE1138D9A54B61B156E4F9 /* [CP] Check Pods Manifest.lock */,
				80FADB542284B49800E45CB8 /* Sources */,
				80FADB552284B49800E45CB8 /* Frameworks */,
				80FADB562284B49800E45CB8 /* Resources */,
				80061D0322877C1B00BAEC6A /* ShellScript */,
				48D1EE86A48EB733E7B9F96C /* [CP] Embed Pods Frameworks */,
				7DE25C3B96891532E1520968 /* [CP] Copy Pods Resources */,
			);
			buildRules = (
			);
			dependencies = (
			);
			name = ExtremeCoupon;
			productName = ExtremeCoupon;
			productReference = 80FADB582284B49800E45CB8 /* ExtremeCoupon.app */;
			productType = "com.apple.product-type.application";
		};
/* End PBXNativeTarget section */

/* Begin PBXProject section */
		80FADB502284B49800E45CB8 /* Project object */ = {
			isa = PBXProject;
			attributes = {
				LastSwiftUpdateCheck = 1020;
				LastUpgradeCheck = 1020;
				ORGANIZATIONNAME = "Christian Dobrovolny";
				TargetAttributes = {
					80FADB572284B49800E45CB8 = {
						CreatedOnToolsVersion = 10.2.1;
					};
				};
			};
			buildConfigurationList = 80FADB532284B49800E45CB8 /* Build configuration list for PBXProject "ExtremeCoupon" */;
			compatibilityVersion = "Xcode 9.3";
			developmentRegion = en;
			hasScannedForEncodings = 0;
			knownRegions = (
				en,
				Base,
			);
			mainGroup = 80FADB4F2284B49800E45CB8;
			productRefGroup = 80FADB592284B49800E45CB8 /* Products */;
			projectDirPath = "";
			projectRoot = "";
			targets = (
				80FADB572284B49800E45CB8 /* ExtremeCoupon */,
			);
		};
/* End PBXProject section */

/* Begin PBXResourcesBuildPhase section */
		80FADB562284B49800E45CB8 /* Resources */ = {
			isa = PBXResourcesBuildPhase;
			buildActionMask = 2147483647;
			files = (
				805DF890229321BD00075D23 /* EmailVerificationViewController.xib in Resources */,
				80FADB662284B49900E45CB8 /* LaunchScreen.storyboard in Resources */,
				80862C002287558E001EC9AE /* AddNewMarketViewController.xib in Resources */,
				80061D00228759BE00BAEC6A /* GoogleService-Info.plist in Resources */,
				80FADB612284B49800E45CB8 /* Main.storyboard in Resources */,
				80C0D5422291896F007F181E /* Assets.xcassets in Resources */,
			);
			runOnlyForDeploymentPostprocessing = 0;
		};
/* End PBXResourcesBuildPhase section */

/* Begin PBXShellScriptBuildPhase section */
		43BE1138D9A54B61B156E4F9 /* [CP] Check Pods Manifest.lock */ = {
			isa = PBXShellScriptBuildPhase;
			buildActionMask = 2147483647;
			files = (
			);
			inputFileListPaths = (
			);
			inputPaths = (
				"${PODS_PODFILE_DIR_PATH}/Podfile.lock",
				"${PODS_ROOT}/Manifest.lock",
			);
			name = "[CP] Check Pods Manifest.lock";
			outputFileListPaths = (
			);
			outputPaths = (
				"$(DERIVED_FILE_DIR)/Pods-ExtremeCoupon-checkManifestLockResult.txt",
			);
			runOnlyForDeploymentPostprocessing = 0;
			shellPath = /bin/sh;
			shellScript = "diff \"${PODS_PODFILE_DIR_PATH}/Podfile.lock\" \"${PODS_ROOT}/Manifest.lock\" > /dev/null\nif [ $? != 0 ] ; then\n    # print error to STDERR\n    echo \"error: The sandbox is not in sync with the Podfile.lock. Run 'pod install' or update your CocoaPods installation.\" >&2\n    exit 1\nfi\n# This output is used by Xcode 'outputs' to avoid re-running this script phase.\necho \"SUCCESS\" > \"${SCRIPT_OUTPUT_FILE_0}\"\n";
			showEnvVarsInLog = 0;
		};
		48D1EE86A48EB733E7B9F96C /* [CP] Embed Pods Frameworks */ = {
			isa = PBXShellScriptBuildPhase;
			buildActionMask = 2147483647;
			files = (
			);
			inputFileListPaths = (
			);
			inputPaths = (
				"${PODS_ROOT}/Target Support Files/Pods-ExtremeCoupon/Pods-ExtremeCoupon-frameworks.sh",
				"${BUILT_PRODUCTS_DIR}/GTMSessionFetcher/GTMSessionFetcher.framework",
				"${BUILT_PRODUCTS_DIR}/GoogleUtilities/GoogleUtilities.framework",
				"${BUILT_PRODUCTS_DIR}/SVProgressHUD/SVProgressHUD.framework",
				"${BUILT_PRODUCTS_DIR}/leveldb-library/leveldb.framework",
				"${BUILT_PRODUCTS_DIR}/nanopb/nanopb.framework",
				"${BUILT_PRODUCTS_DIR}/paper-onboarding/paper_onboarding.framework",
			);
			name = "[CP] Embed Pods Frameworks";
			outputFileListPaths = (
			);
			outputPaths = (
				"${TARGET_BUILD_DIR}/${FRAMEWORKS_FOLDER_PATH}/GTMSessionFetcher.framework",
				"${TARGET_BUILD_DIR}/${FRAMEWORKS_FOLDER_PATH}/GoogleUtilities.framework",
				"${TARGET_BUILD_DIR}/${FRAMEWORKS_FOLDER_PATH}/SVProgressHUD.framework",
				"${TARGET_BUILD_DIR}/${FRAMEWORKS_FOLDER_PATH}/leveldb.framework",
				"${TARGET_BUILD_DIR}/${FRAMEWORKS_FOLDER_PATH}/nanopb.framework",
				"${TARGET_BUILD_DIR}/${FRAMEWORKS_FOLDER_PATH}/paper_onboarding.framework",
			);
			runOnlyForDeploymentPostprocessing = 0;
			shellPath = /bin/sh;
			shellScript = "\"${PODS_ROOT}/Target Support Files/Pods-ExtremeCoupon/Pods-ExtremeCoupon-frameworks.sh\"\n";
			showEnvVarsInLog = 0;
		};
		7DE25C3B96891532E1520968 /* [CP] Copy Pods Resources */ = {
			isa = PBXShellScriptBuildPhase;
			buildActionMask = 2147483647;
			files = (
			);
			inputFileListPaths = (
			);
			inputPaths = (
				"${PODS_ROOT}/Target Support Files/Pods-ExtremeCoupon/Pods-ExtremeCoupon-resources.sh",
				"${PODS_CONFIGURATION_BUILD_DIR}/FirebaseInAppMessagingDisplay/InAppMessagingDisplayResources.bundle",
			);
			name = "[CP] Copy Pods Resources";
			outputFileListPaths = (
			);
			outputPaths = (
				"${TARGET_BUILD_DIR}/${UNLOCALIZED_RESOURCES_FOLDER_PATH}/InAppMessagingDisplayResources.bundle",
			);
			runOnlyForDeploymentPostprocessing = 0;
			shellPath = /bin/sh;
			shellScript = "\"${PODS_ROOT}/Target Support Files/Pods-ExtremeCoupon/Pods-ExtremeCoupon-resources.sh\"\n";
			showEnvVarsInLog = 0;
		};
		80061D0322877C1B00BAEC6A /* ShellScript */ = {
			isa = PBXShellScriptBuildPhase;
			buildActionMask = 2147483647;
			files = (
			);
			inputFileListPaths = (
			);
			inputPaths = (
				"$(BUILT_PRODUCTS_DIR)/$(INFOPLIST_PATH)",
			);
			outputFileListPaths = (
			);
			outputPaths = (
			);
			runOnlyForDeploymentPostprocessing = 0;
			shellPath = /bin/sh;
			shellScript = "# Type a script or drag a script file from your workspace to insert its path.\n\"${PODS_ROOT}/Fabric/run\"\n";
		};
/* End PBXShellScriptBuildPhase section */

/* Begin PBXSourcesBuildPhase section */
		80FADB542284B49800E45CB8 /* Sources */ = {
			isa = PBXSourcesBuildPhase;
			buildActionMask = 2147483647;
			files = (
				8032FA282297E49400B136CE /* TabViewController.swift in Sources */,
				80061D0222875AC100BAEC6A /* FirebaseHelper.swift in Sources */,
				809648F52286DC350062E2AD /* Barcode.swift in Sources */,
				80C0D5442291903C007F181E /* ProfileViewController.swift in Sources */,
				3C745AE3229C041D005029C3 /* RotatedLabel.swift in Sources */,
				80FADB702284B80500E45CB8 /* CalcDiscountViewController.swift in Sources */,
				80A524D92295A12500206B46 /* OnboardingViewController.swift in Sources */,
				805DF88F229321BD00075D23 /* EmailVerificationViewController.swift in Sources */,
				800633EB22887094005B8216 /* FilterViewController.swift in Sources */,
				80FADB772284BC3700E45CB8 /* RoundedButton.swift in Sources */,
				3C057CBF22857EE900ADD413 /* Rating.swift in Sources */,
				809648F72286DF080062E2AD /* CouponDetailViewController.swift in Sources */,
				3C057CC22285976D00ADD413 /* Utility.swift in Sources */,
				807750912290AFEF00878AF2 /* LoginRegisterViewController.swift in Sources */,
				80FADB5E2284B49800E45CB8 /* HomeViewController.swift in Sources */,
				809CE0E62285FD0900E7A765 /* BarcodeViewController.swift in Sources */,
				3C057CBD22857EB000ADD413 /* Coupon.swift in Sources */,
				3CB1B81F228579EA00634902 /* CouponTableViewCell.swift in Sources */,
				80FADB722284B82000E45CB8 /* AddNewCouponViewController.swift in Sources */,
				80FADB752284B8A600E45CB8 /* RoundedTextField.swift in Sources */,
				80862BFF2287558E001EC9AE /* AddNewMarketViewController.swift in Sources */,
				80FADB5C2284B49800E45CB8 /* AppDelegate.swift in Sources */,
				8032FA2A2298170D00B136CE /* CouponIdentifier.swift in Sources */,
				3CB1A36522856BF200620E0D /* ShadowView.swift in Sources */,
				800633ED2288717A005B8216 /* Market.swift in Sources */,
				80A524D72295A07600206B46 /* OnboardingView.swift in Sources */,
			);
			runOnlyForDeploymentPostprocessing = 0;
		};
/* End PBXSourcesBuildPhase section */

/* Begin PBXVariantGroup section */
		80FADB5F2284B49800E45CB8 /* Main.storyboard */ = {
			isa = PBXVariantGroup;
			children = (
				80FADB602284B49800E45CB8 /* Base */,
			);
			name = Main.storyboard;
			sourceTree = "<group>";
		};
		80FADB642284B49900E45CB8 /* LaunchScreen.storyboard */ = {
			isa = PBXVariantGroup;
			children = (
				80FADB652284B49900E45CB8 /* Base */,
			);
			name = LaunchScreen.storyboard;
			sourceTree = "<group>";
		};
/* End PBXVariantGroup section */

/* Begin XCBuildConfiguration section */
		80FADB682284B49900E45CB8 /* Debug */ = {
			isa = XCBuildConfiguration;
			buildSettings = {
				ALWAYS_SEARCH_USER_PATHS = NO;
				CLANG_ANALYZER_NONNULL = YES;
				CLANG_ANALYZER_NUMBER_OBJECT_CONVERSION = YES_AGGRESSIVE;
				CLANG_CXX_LANGUAGE_STANDARD = "gnu++14";
				CLANG_CXX_LIBRARY = "libc++";
				CLANG_ENABLE_MODULES = YES;
				CLANG_ENABLE_OBJC_ARC = YES;
				CLANG_ENABLE_OBJC_WEAK = YES;
				CLANG_WARN_BLOCK_CAPTURE_AUTORELEASING = YES;
				CLANG_WARN_BOOL_CONVERSION = YES;
				CLANG_WARN_COMMA = YES;
				CLANG_WARN_CONSTANT_CONVERSION = YES;
				CLANG_WARN_DEPRECATED_OBJC_IMPLEMENTATIONS = YES;
				CLANG_WARN_DIRECT_OBJC_ISA_USAGE = YES_ERROR;
				CLANG_WARN_DOCUMENTATION_COMMENTS = YES;
				CLANG_WARN_EMPTY_BODY = YES;
				CLANG_WARN_ENUM_CONVERSION = YES;
				CLANG_WARN_INFINITE_RECURSION = YES;
				CLANG_WARN_INT_CONVERSION = YES;
				CLANG_WARN_NON_LITERAL_NULL_CONVERSION = YES;
				CLANG_WARN_OBJC_IMPLICIT_RETAIN_SELF = YES;
				CLANG_WARN_OBJC_LITERAL_CONVERSION = YES;
				CLANG_WARN_OBJC_ROOT_CLASS = YES_ERROR;
				CLANG_WARN_RANGE_LOOP_ANALYSIS = YES;
				CLANG_WARN_STRICT_PROTOTYPES = YES;
				CLANG_WARN_SUSPICIOUS_MOVE = YES;
				CLANG_WARN_UNGUARDED_AVAILABILITY = YES_AGGRESSIVE;
				CLANG_WARN_UNREACHABLE_CODE = YES;
				CLANG_WARN__DUPLICATE_METHOD_MATCH = YES;
				CODE_SIGN_IDENTITY = "iPhone Developer";
				COPY_PHASE_STRIP = NO;
				DEBUG_INFORMATION_FORMAT = dwarf;
				ENABLE_STRICT_OBJC_MSGSEND = YES;
				ENABLE_TESTABILITY = YES;
				GCC_C_LANGUAGE_STANDARD = gnu11;
				GCC_DYNAMIC_NO_PIC = NO;
				GCC_NO_COMMON_BLOCKS = YES;
				GCC_OPTIMIZATION_LEVEL = 0;
				GCC_PREPROCESSOR_DEFINITIONS = (
					"DEBUG=1",
					"$(inherited)",
				);
				GCC_WARN_64_TO_32_BIT_CONVERSION = YES;
				GCC_WARN_ABOUT_RETURN_TYPE = YES_ERROR;
				GCC_WARN_UNDECLARED_SELECTOR = YES;
				GCC_WARN_UNINITIALIZED_AUTOS = YES_AGGRESSIVE;
				GCC_WARN_UNUSED_FUNCTION = YES;
				GCC_WARN_UNUSED_VARIABLE = YES;
				IPHONEOS_DEPLOYMENT_TARGET = 12.2;
				MTL_ENABLE_DEBUG_INFO = INCLUDE_SOURCE;
				MTL_FAST_MATH = YES;
				ONLY_ACTIVE_ARCH = YES;
				SDKROOT = iphoneos;
				SWIFT_ACTIVE_COMPILATION_CONDITIONS = DEBUG;
				SWIFT_OPTIMIZATION_LEVEL = "-Onone";
			};
			name = Debug;
		};
		80FADB692284B49900E45CB8 /* Release */ = {
			isa = XCBuildConfiguration;
			buildSettings = {
				ALWAYS_SEARCH_USER_PATHS = NO;
				CLANG_ANALYZER_NONNULL = YES;
				CLANG_ANALYZER_NUMBER_OBJECT_CONVERSION = YES_AGGRESSIVE;
				CLANG_CXX_LANGUAGE_STANDARD = "gnu++14";
				CLANG_CXX_LIBRARY = "libc++";
				CLANG_ENABLE_MODULES = YES;
				CLANG_ENABLE_OBJC_ARC = YES;
				CLANG_ENABLE_OBJC_WEAK = YES;
				CLANG_WARN_BLOCK_CAPTURE_AUTORELEASING = YES;
				CLANG_WARN_BOOL_CONVERSION = YES;
				CLANG_WARN_COMMA = YES;
				CLANG_WARN_CONSTANT_CONVERSION = YES;
				CLANG_WARN_DEPRECATED_OBJC_IMPLEMENTATIONS = YES;
				CLANG_WARN_DIRECT_OBJC_ISA_USAGE = YES_ERROR;
				CLANG_WARN_DOCUMENTATION_COMMENTS = YES;
				CLANG_WARN_EMPTY_BODY = YES;
				CLANG_WARN_ENUM_CONVERSION = YES;
				CLANG_WARN_INFINITE_RECURSION = YES;
				CLANG_WARN_INT_CONVERSION = YES;
				CLANG_WARN_NON_LITERAL_NULL_CONVERSION = YES;
				CLANG_WARN_OBJC_IMPLICIT_RETAIN_SELF = YES;
				CLANG_WARN_OBJC_LITERAL_CONVERSION = YES;
				CLANG_WARN_OBJC_ROOT_CLASS = YES_ERROR;
				CLANG_WARN_RANGE_LOOP_ANALYSIS = YES;
				CLANG_WARN_STRICT_PROTOTYPES = YES;
				CLANG_WARN_SUSPICIOUS_MOVE = YES;
				CLANG_WARN_UNGUARDED_AVAILABILITY = YES_AGGRESSIVE;
				CLANG_WARN_UNREACHABLE_CODE = YES;
				CLANG_WARN__DUPLICATE_METHOD_MATCH = YES;
				CODE_SIGN_IDENTITY = "iPhone Developer";
				COPY_PHASE_STRIP = NO;
				DEBUG_INFORMATION_FORMAT = "dwarf-with-dsym";
				ENABLE_NS_ASSERTIONS = NO;
				ENABLE_STRICT_OBJC_MSGSEND = YES;
				GCC_C_LANGUAGE_STANDARD = gnu11;
				GCC_NO_COMMON_BLOCKS = YES;
				GCC_WARN_64_TO_32_BIT_CONVERSION = YES;
				GCC_WARN_ABOUT_RETURN_TYPE = YES_ERROR;
				GCC_WARN_UNDECLARED_SELECTOR = YES;
				GCC_WARN_UNINITIALIZED_AUTOS = YES_AGGRESSIVE;
				GCC_WARN_UNUSED_FUNCTION = YES;
				GCC_WARN_UNUSED_VARIABLE = YES;
				IPHONEOS_DEPLOYMENT_TARGET = 12.2;
				MTL_ENABLE_DEBUG_INFO = NO;
				MTL_FAST_MATH = YES;
				SDKROOT = iphoneos;
				SWIFT_COMPILATION_MODE = wholemodule;
				SWIFT_OPTIMIZATION_LEVEL = "-O";
				VALIDATE_PRODUCT = YES;
			};
			name = Release;
		};
		80FADB6B2284B49900E45CB8 /* Debug */ = {
			isa = XCBuildConfiguration;
			baseConfigurationReference = ABDD15BA794F6100832B4D90 /* Pods-ExtremeCoupon.debug.xcconfig */;
			buildSettings = {
				ASSETCATALOG_COMPILER_APPICON_NAME = AppIcon;
				CODE_SIGN_IDENTITY = "iPhone Developer";
				CODE_SIGN_STYLE = Automatic;
				DEBUG_INFORMATION_FORMAT = "dwarf-with-dsym";
				DEVELOPMENT_TEAM = HHW7DDMM36;
				INFOPLIST_FILE = ExtremeCoupon/Info.plist;
				LD_RUNPATH_SEARCH_PATHS = (
					"$(inherited)",
					"@executable_path/Frameworks",
				);
				PRODUCT_BUNDLE_IDENTIFIER = de.christian.dobrovolny.ExtremeCoupon;
				PRODUCT_NAME = "$(TARGET_NAME)";
				PROVISIONING_PROFILE_SPECIFIER = "";
				SWIFT_VERSION = 5.0;
				TARGETED_DEVICE_FAMILY = 1;
			};
			name = Debug;
		};
		80FADB6C2284B49900E45CB8 /* Release */ = {
			isa = XCBuildConfiguration;
			baseConfigurationReference = 80B64F62036E9AE1A5279E6A /* Pods-ExtremeCoupon.release.xcconfig */;
			buildSettings = {
				ASSETCATALOG_COMPILER_APPICON_NAME = AppIcon;
				CODE_SIGN_IDENTITY = "iPhone Developer";
				CODE_SIGN_STYLE = Automatic;
				DEVELOPMENT_TEAM = HHW7DDMM36;
				INFOPLIST_FILE = ExtremeCoupon/Info.plist;
				LD_RUNPATH_SEARCH_PATHS = (
					"$(inherited)",
					"@executable_path/Frameworks",
				);
				PRODUCT_BUNDLE_IDENTIFIER = de.christian.dobrovolny.ExtremeCoupon;
				PRODUCT_NAME = "$(TARGET_NAME)";
				PROVISIONING_PROFILE_SPECIFIER = "";
				SWIFT_VERSION = 5.0;
				TARGETED_DEVICE_FAMILY = 1;
			};
			name = Release;
		};
/* End XCBuildConfiguration section */

/* Begin XCConfigurationList section */
		80FADB532284B49800E45CB8 /* Build configuration list for PBXProject "ExtremeCoupon" */ = {
			isa = XCConfigurationList;
			buildConfigurations = (
				80FADB682284B49900E45CB8 /* Debug */,
				80FADB692284B49900E45CB8 /* Release */,
			);
			defaultConfigurationIsVisible = 0;
			defaultConfigurationName = Release;
		};
		80FADB6A2284B49900E45CB8 /* Build configuration list for PBXNativeTarget "ExtremeCoupon" */ = {
			isa = XCConfigurationList;
			buildConfigurations = (
				80FADB6B2284B49900E45CB8 /* Debug */,
				80FADB6C2284B49900E45CB8 /* Release */,
			);
			defaultConfigurationIsVisible = 0;
			defaultConfigurationName = Release;
		};
/* End XCConfigurationList section */
	};
	rootObject = 80FADB502284B49800E45CB8 /* Project object */;
}
